
Microsoft Visual Studio Solution File, Format Version 12.00
# Visual Studio Version 17
VisualStudioVersion = 17.4.33213.308
MinimumVisualStudioVersion = 10.0.40219.1
Project("{FAE04EC0-301F-11D3-BF4B-00C04F79EFBC}") = "deliverable4", "deliverable4\deliverable4.csproj", "{6857C098-DA35-4666-8F07-4E3490F7B93A}"
EndProject
Global
	GlobalSection(SolutionConfigurationPlatforms) = preSolution
		Debug|Any CPU = Debug|Any CPU
		Release|Any CPU = Release|Any CPU
	EndGlobalSection
	GlobalSection(ProjectConfigurationPlatforms) = postSolution
		{6857C098-DA35-4666-8F07-4E3490F7B93A}.Debug|Any CPU.ActiveCfg = Debug|Any CPU
		{6857C098-DA35-4666-8F07-4E3490F7B93A}.Debug|Any CPU.Build.0 = Debug|Any CPU
		{6857C098-DA35-4666-8F07-4E3490F7B93A}.Release|Any CPU.ActiveCfg = Release|Any CPU
		{6857C098-DA35-4666-8F07-4E3490F7B93A}.Release|Any CPU.Build.0 = Release|Any CPU
	EndGlobalSection
	GlobalSection(SolutionProperties) = preSolution
		HideSolutionNode = FALSE
	EndGlobalSection
	GlobalSection(ExtensibilityGlobals) = postSolution
		SolutionGuid = {76D135AF-E2D2-4C58-A146-553E71B7661E}
	EndGlobalSection
EndGlobal
